
Microsoft Visual Studio Solution File, Format Version 12.00
# Visual Studio Version 17
VisualStudioVersion = 17.1.32210.238
MinimumVisualStudioVersion = 10.0.40219.1
Project("{9A19103F-16F7-4668-BE54-9A1E7A4F7556}") = "LogoManager", "LogoManager\LogoManager.csproj", "{5273032A-D90A-456B-85CE-A2F3F2A3FAB6}"
EndProject
Project("{FAE04EC0-301F-11D3-BF4B-00C04F79EFBC}") = "IoTService", "IoTService\IoTService.csproj", "{6D4140F0-0D85-4F23-BB14-077DC18F0D73}"
EndProject
Project("{FAE04EC0-301F-11D3-BF4B-00C04F79EFBC}") = "DALService", "DALService\DALService.csproj", "{3874B854-EB91-468D-9C89-E2144984DD13}"
EndProject
Project("{FAE04EC0-301F-11D3-BF4B-00C04F79EFBC}") = "UIService", "UIService\UIService.csproj", "{E55F057E-85FB-4F3A-AE3F-32555408B0F6}"
EndProject
Project("{FAE04EC0-301F-11D3-BF4B-00C04F79EFBC}") = "BackendService", "BackendService\BackendService.csproj", "{70B9E1F3-A076-4454-BE93-C52CB66952BF}"
EndProject
Project("{FAE04EC0-301F-11D3-BF4B-00C04F79EFBC}") = "Base", "Base\Base.csproj", "{8F6FCD49-871F-4130-80D8-5D98B71D56CF}"
EndProject
Project("{FAE04EC0-301F-11D3-BF4B-00C04F79EFBC}") = "DAL2Service", "DAL2Service\DAL2Service.csproj", "{AB006ED3-E90A-42ED-BA1A-35F1CE40B248}"
EndProject
Global
	GlobalSection(SolutionConfigurationPlatforms) = preSolution
		Debug|Any CPU = Debug|Any CPU
		Debug|x64 = Debug|x64
		Debug|x86 = Debug|x86
		Release|Any CPU = Release|Any CPU
		Release|x64 = Release|x64
		Release|x86 = Release|x86
	EndGlobalSection
	GlobalSection(ProjectConfigurationPlatforms) = postSolution
		{5273032A-D90A-456B-85CE-A2F3F2A3FAB6}.Debug|Any CPU.ActiveCfg = Debug|Any CPU
		{5273032A-D90A-456B-85CE-A2F3F2A3FAB6}.Debug|Any CPU.Build.0 = Debug|Any CPU
		{5273032A-D90A-456B-85CE-A2F3F2A3FAB6}.Debug|x64.ActiveCfg = Debug|x64
		{5273032A-D90A-456B-85CE-A2F3F2A3FAB6}.Debug|x64.Build.0 = Debug|x64
		{5273032A-D90A-456B-85CE-A2F3F2A3FAB6}.Debug|x86.ActiveCfg = Debug|Any CPU
		{5273032A-D90A-456B-85CE-A2F3F2A3FAB6}.Debug|x86.Build.0 = Debug|Any CPU
		{5273032A-D90A-456B-85CE-A2F3F2A3FAB6}.Release|Any CPU.ActiveCfg = Release|Any CPU
		{5273032A-D90A-456B-85CE-A2F3F2A3FAB6}.Release|Any CPU.Build.0 = Release|Any CPU
		{5273032A-D90A-456B-85CE-A2F3F2A3FAB6}.Release|x64.ActiveCfg = Release|x64
		{5273032A-D90A-456B-85CE-A2F3F2A3FAB6}.Release|x64.Build.0 = Release|x64
		{5273032A-D90A-456B-85CE-A2F3F2A3FAB6}.Release|x86.ActiveCfg = Release|Any CPU
		{5273032A-D90A-456B-85CE-A2F3F2A3FAB6}.Release|x86.Build.0 = Release|Any CPU
		{6D4140F0-0D85-4F23-BB14-077DC18F0D73}.Debug|Any CPU.ActiveCfg = Debug|Any CPU
		{6D4140F0-0D85-4F23-BB14-077DC18F0D73}.Debug|Any CPU.Build.0 = Debug|Any CPU
		{6D4140F0-0D85-4F23-BB14-077DC18F0D73}.Debug|x64.ActiveCfg = Debug|Any CPU
		{6D4140F0-0D85-4F23-BB14-077DC18F0D73}.Debug|x64.Build.0 = Debug|Any CPU
		{6D4140F0-0D85-4F23-BB14-077DC18F0D73}.Debug|x86.ActiveCfg = Debug|Any CPU
		{6D4140F0-0D85-4F23-BB14-077DC18F0D73}.Debug|x86.Build.0 = Debug|Any CPU
		{6D4140F0-0D85-4F23-BB14-077DC18F0D73}.Release|Any CPU.ActiveCfg = Release|Any CPU
		{6D4140F0-0D85-4F23-BB14-077DC18F0D73}.Release|Any CPU.Build.0 = Release|Any CPU
		{6D4140F0-0D85-4F23-BB14-077DC18F0D73}.Release|x64.ActiveCfg = Release|Any CPU
		{6D4140F0-0D85-4F23-BB14-077DC18F0D73}.Release|x64.Build.0 = Release|Any CPU
		{6D4140F0-0D85-4F23-BB14-077DC18F0D73}.Release|x86.ActiveCfg = Release|Any CPU
		{6D4140F0-0D85-4F23-BB14-077DC18F0D73}.Release|x86.Build.0 = Release|Any CPU
		{3874B854-EB91-468D-9C89-E2144984DD13}.Debug|Any CPU.ActiveCfg = Debug|Any CPU
		{3874B854-EB91-468D-9C89-E2144984DD13}.Debug|Any CPU.Build.0 = Debug|Any CPU
		{3874B854-EB91-468D-9C89-E2144984DD13}.Debug|x64.ActiveCfg = Debug|Any CPU
		{3874B854-EB91-468D-9C89-E2144984DD13}.Debug|x64.Build.0 = Debug|Any CPU
		{3874B854-EB91-468D-9C89-E2144984DD13}.Debug|x86.ActiveCfg = Debug|Any CPU
		{3874B854-EB91-468D-9C89-E2144984DD13}.Debug|x86.Build.0 = Debug|Any CPU
		{3874B854-EB91-468D-9C89-E2144984DD13}.Release|Any CPU.ActiveCfg = Release|Any CPU
		{3874B854-EB91-468D-9C89-E2144984DD13}.Release|Any CPU.Build.0 = Release|Any CPU
		{3874B854-EB91-468D-9C89-E2144984DD13}.Release|x64.ActiveCfg = Release|Any CPU
		{3874B854-EB91-468D-9C89-E2144984DD13}.Release|x64.Build.0 = Release|Any CPU
		{3874B854-EB91-468D-9C89-E2144984DD13}.Release|x86.ActiveCfg = Release|Any CPU
		{3874B854-EB91-468D-9C89-E2144984DD13}.Release|x86.Build.0 = Release|Any CPU
		{E55F057E-85FB-4F3A-AE3F-32555408B0F6}.Debug|Any CPU.ActiveCfg = Debug|Any CPU
		{E55F057E-85FB-4F3A-AE3F-32555408B0F6}.Debug|Any CPU.Build.0 = Debug|Any CPU
		{E55F057E-85FB-4F3A-AE3F-32555408B0F6}.Debug|x64.ActiveCfg = Debug|Any CPU
		{E55F057E-85FB-4F3A-AE3F-32555408B0F6}.Debug|x64.Build.0 = Debug|Any CPU
		{E55F057E-85FB-4F3A-AE3F-32555408B0F6}.Debug|x86.ActiveCfg = Debug|Any CPU
		{E55F057E-85FB-4F3A-AE3F-32555408B0F6}.Debug|x86.Build.0 = Debug|Any CPU
		{E55F057E-85FB-4F3A-AE3F-32555408B0F6}.Release|Any CPU.ActiveCfg = Release|Any CPU
		{E55F057E-85FB-4F3A-AE3F-32555408B0F6}.Release|Any CPU.Build.0 = Release|Any CPU
		{E55F057E-85FB-4F3A-AE3F-32555408B0F6}.Release|x64.ActiveCfg = Release|Any CPU
		{E55F057E-85FB-4F3A-AE3F-32555408B0F6}.Release|x64.Build.0 = Release|Any CPU
		{E55F057E-85FB-4F3A-AE3F-32555408B0F6}.Release|x86.ActiveCfg = Release|Any CPU
		{E55F057E-85FB-4F3A-AE3F-32555408B0F6}.Release|x86.Build.0 = Release|Any CPU
		{70B9E1F3-A076-4454-BE93-C52CB66952BF}.Debug|Any CPU.ActiveCfg = Debug|Any CPU
		{70B9E1F3-A076-4454-BE93-C52CB66952BF}.Debug|Any CPU.Build.0 = Debug|Any CPU
		{70B9E1F3-A076-4454-BE93-C52CB66952BF}.Debug|x64.ActiveCfg = Debug|Any CPU
		{70B9E1F3-A076-4454-BE93-C52CB66952BF}.Debug|x64.Build.0 = Debug|Any CPU
		{70B9E1F3-A076-4454-BE93-C52CB66952BF}.Debug|x86.ActiveCfg = Debug|Any CPU
		{70B9E1F3-A076-4454-BE93-C52CB66952BF}.Debug|x86.Build.0 = Debug|Any CPU
		{70B9E1F3-A076-4454-BE93-C52CB66952BF}.Release|Any CPU.ActiveCfg = Release|Any CPU
		{70B9E1F3-A076-4454-BE93-C52CB66952BF}.Release|Any CPU.Build.0 = Release|Any CPU
		{70B9E1F3-A076-4454-BE93-C52CB66952BF}.Release|x64.ActiveCfg = Release|Any CPU
		{70B9E1F3-A076-4454-BE93-C52CB66952BF}.Release|x64.Build.0 = Release|Any CPU
		{70B9E1F3-A076-4454-BE93-C52CB66952BF}.Release|x86.ActiveCfg = Release|Any CPU
		{70B9E1F3-A076-4454-BE93-C52CB66952BF}.Release|x86.Build.0 = Release|Any CPU
		{8F6FCD49-871F-4130-80D8-5D98B71D56CF}.Debug|Any CPU.ActiveCfg = Debug|Any CPU
		{8F6FCD49-871F-4130-80D8-5D98B71D56CF}.Debug|Any CPU.Build.0 = Debug|Any CPU
		{8F6FCD49-871F-4130-80D8-5D98B71D56CF}.Debug|x64.ActiveCfg = Debug|Any CPU
		{8F6FCD49-871F-4130-80D8-5D98B71D56CF}.Debug|x64.Build.0 = Debug|Any CPU
		{8F6FCD49-871F-4130-80D8-5D98B71D56CF}.Debug|x86.ActiveCfg = Debug|Any CPU
		{8F6FCD49-871F-4130-80D8-5D98B71D56CF}.Debug|x86.Build.0 = Debug|Any CPU
		{8F6FCD49-871F-4130-80D8-5D98B71D56CF}.Release|Any CPU.ActiveCfg = Release|Any CPU
		{8F6FCD49-871F-4130-80D8-5D98B71D56CF}.Release|Any CPU.Build.0 = Release|Any CPU
		{8F6FCD49-871F-4130-80D8-5D98B71D56CF}.Release|x64.ActiveCfg = Release|Any CPU
		{8F6FCD49-871F-4130-80D8-5D98B71D56CF}.Release|x64.Build.0 = Release|Any CPU
		{8F6FCD49-871F-4130-80D8-5D98B71D56CF}.Release|x86.ActiveCfg = Release|Any CPU
		{8F6FCD49-871F-4130-80D8-5D98B71D56CF}.Release|x86.Build.0 = Release|Any CPU
		{AB006ED3-E90A-42ED-BA1A-35F1CE40B248}.Debug|Any CPU.ActiveCfg = Debug|Any CPU
		{AB006ED3-E90A-42ED-BA1A-35F1CE40B248}.Debug|Any CPU.Build.0 = Debug|Any CPU
		{AB006ED3-E90A-42ED-BA1A-35F1CE40B248}.Debug|x64.ActiveCfg = Debug|Any CPU
		{AB006ED3-E90A-42ED-BA1A-35F1CE40B248}.Debug|x64.Build.0 = Debug|Any CPU
		{AB006ED3-E90A-42ED-BA1A-35F1CE40B248}.Debug|x86.ActiveCfg = Debug|Any CPU
		{AB006ED3-E90A-42ED-BA1A-35F1CE40B248}.Debug|x86.Build.0 = Debug|Any CPU
		{AB006ED3-E90A-42ED-BA1A-35F1CE40B248}.Release|Any CPU.ActiveCfg = Release|Any CPU
		{AB006ED3-E90A-42ED-BA1A-35F1CE40B248}.Release|Any CPU.Build.0 = Release|Any CPU
		{AB006ED3-E90A-42ED-BA1A-35F1CE40B248}.Release|x64.ActiveCfg = Release|Any CPU
		{AB006ED3-E90A-42ED-BA1A-35F1CE40B248}.Release|x64.Build.0 = Release|Any CPU
		{AB006ED3-E90A-42ED-BA1A-35F1CE40B248}.Release|x86.ActiveCfg = Release|Any CPU
		{AB006ED3-E90A-42ED-BA1A-35F1CE40B248}.Release|x86.Build.0 = Release|Any CPU
	EndGlobalSection
	GlobalSection(SolutionProperties) = preSolution
		HideSolutionNode = FALSE
	EndGlobalSection
	GlobalSection(ExtensibilityGlobals) = postSolution
		SolutionGuid = {E0D48A25-DF3E-48B2-A154-0DA6474EC9CF}
	EndGlobalSection
EndGlobal
